
Microsoft Visual Studio Solution File, Format Version 12.00
# Visual Studio Version 17
VisualStudioVersion = 17.11.35303.130
MinimumVisualStudioVersion = 10.0.40219.1
Project("{2150E333-8FDC-42A3-9474-1A3956D46DE8}") = "RETOPT.API", "RETOPT.API", "{A574CBB4-E885-4BD5-B9EF-02670DB0F868}"
EndProject
Project("{2150E333-8FDC-42A3-9474-1A3956D46DE8}") = "RETOPT.Application", "RETOPT.Application", "{719C2B62-1CA0-4C86-B636-EF4186804094}"
EndProject
Project("{2150E333-8FDC-42A3-9474-1A3956D46DE8}") = "RETOPT.Domain", "RETOPT.Domain", "{9A40AD7E-FA3D-4121-8C92-4BE13D174813}"
EndProject
Project("{2150E333-8FDC-42A3-9474-1A3956D46DE8}") = "RETOPT.Infrastructure", "RETOPT.Infrastructure", "{8EE399BE-2382-4CBF-B659-A6C19951E733}"
EndProject
Project("{9A19103F-16F7-4668-BE54-9A1E7A4F7556}") = "RETOPT.API", "RETOPT.API\RETOPT.API.csproj", "{77C957DA-EDC4-4D80-86C7-3F0F62ABC4A8}"
EndProject
Project("{9A19103F-16F7-4668-BE54-9A1E7A4F7556}") = "RETOPT.Application", "RETOPT.Application\RETOPT.Application.csproj", "{0D0CFEB1-6803-416C-8AB6-10CB086CDD3D}"
EndProject
Project("{9A19103F-16F7-4668-BE54-9A1E7A4F7556}") = "RETOPT.Domain", "RETOPT.Domain\RETOPT.Domain.csproj", "{DF17C1F8-865C-436A-AF43-DE9310600141}"
EndProject
Project("{9A19103F-16F7-4668-BE54-9A1E7A4F7556}") = "RETOPT.Infrastructure", "RETOPT.Infrastructure\RETOPT.Infrastructure.csproj", "{10AC9F73-292B-41D2-A3D0-176F24952F3D}"
EndProject
Project("{2150E333-8FDC-42A3-9474-1A3956D46DE8}") = "RETOPT.Tests", "RETOPT.Tests", "{F8AA4C81-3BBE-40E2-89EB-58FA19BA937A}"
EndProject
Project("{FAE04EC0-301F-11D3-BF4B-00C04F79EFBC}") = "RetoPtTests", "RetoPtTests\RetoPtTests.csproj", "{887A5EF5-E129-4405-92EA-160A610ABA25}"
EndProject
Global
	GlobalSection(SolutionConfigurationPlatforms) = preSolution
		Debug|Any CPU = Debug|Any CPU
		Release|Any CPU = Release|Any CPU
	EndGlobalSection
	GlobalSection(ProjectConfigurationPlatforms) = postSolution
		{77C957DA-EDC4-4D80-86C7-3F0F62ABC4A8}.Debug|Any CPU.ActiveCfg = Debug|Any CPU
		{77C957DA-EDC4-4D80-86C7-3F0F62ABC4A8}.Debug|Any CPU.Build.0 = Debug|Any CPU
		{77C957DA-EDC4-4D80-86C7-3F0F62ABC4A8}.Release|Any CPU.ActiveCfg = Release|Any CPU
		{77C957DA-EDC4-4D80-86C7-3F0F62ABC4A8}.Release|Any CPU.Build.0 = Release|Any CPU
		{0D0CFEB1-6803-416C-8AB6-10CB086CDD3D}.Debug|Any CPU.ActiveCfg = Debug|Any CPU
		{0D0CFEB1-6803-416C-8AB6-10CB086CDD3D}.Debug|Any CPU.Build.0 = Debug|Any CPU
		{0D0CFEB1-6803-416C-8AB6-10CB086CDD3D}.Release|Any CPU.ActiveCfg = Release|Any CPU
		{0D0CFEB1-6803-416C-8AB6-10CB086CDD3D}.Release|Any CPU.Build.0 = Release|Any CPU
		{DF17C1F8-865C-436A-AF43-DE9310600141}.Debug|Any CPU.ActiveCfg = Debug|Any CPU
		{DF17C1F8-865C-436A-AF43-DE9310600141}.Debug|Any CPU.Build.0 = Debug|Any CPU
		{DF17C1F8-865C-436A-AF43-DE9310600141}.Release|Any CPU.ActiveCfg = Release|Any CPU
		{DF17C1F8-865C-436A-AF43-DE9310600141}.Release|Any CPU.Build.0 = Release|Any CPU
		{10AC9F73-292B-41D2-A3D0-176F24952F3D}.Debug|Any CPU.ActiveCfg = Debug|Any CPU
		{10AC9F73-292B-41D2-A3D0-176F24952F3D}.Debug|Any CPU.Build.0 = Debug|Any CPU
		{10AC9F73-292B-41D2-A3D0-176F24952F3D}.Release|Any CPU.ActiveCfg = Release|Any CPU
		{10AC9F73-292B-41D2-A3D0-176F24952F3D}.Release|Any CPU.Build.0 = Release|Any CPU
		{887A5EF5-E129-4405-92EA-160A610ABA25}.Debug|Any CPU.ActiveCfg = Debug|Any CPU
		{887A5EF5-E129-4405-92EA-160A610ABA25}.Debug|Any CPU.Build.0 = Debug|Any CPU
		{887A5EF5-E129-4405-92EA-160A610ABA25}.Release|Any CPU.ActiveCfg = Release|Any CPU
		{887A5EF5-E129-4405-92EA-160A610ABA25}.Release|Any CPU.Build.0 = Release|Any CPU
	EndGlobalSection
	GlobalSection(SolutionProperties) = preSolution
		HideSolutionNode = FALSE
	EndGlobalSection
	GlobalSection(NestedProjects) = preSolution
		{77C957DA-EDC4-4D80-86C7-3F0F62ABC4A8} = {A574CBB4-E885-4BD5-B9EF-02670DB0F868}
		{0D0CFEB1-6803-416C-8AB6-10CB086CDD3D} = {719C2B62-1CA0-4C86-B636-EF4186804094}
		{DF17C1F8-865C-436A-AF43-DE9310600141} = {9A40AD7E-FA3D-4121-8C92-4BE13D174813}
		{10AC9F73-292B-41D2-A3D0-176F24952F3D} = {8EE399BE-2382-4CBF-B659-A6C19951E733}
		{887A5EF5-E129-4405-92EA-160A610ABA25} = {F8AA4C81-3BBE-40E2-89EB-58FA19BA937A}
	EndGlobalSection
	GlobalSection(ExtensibilityGlobals) = postSolution
		SolutionGuid = {7C537D6B-3DE0-4D9D-8171-0B52B22F2ACD}
	EndGlobalSection
EndGlobal
